
Microsoft Visual Studio Solution File, Format Version 12.00
# Visual Studio Version 17
VisualStudioVersion = 17.9.34714.143
MinimumVisualStudioVersion = 10.0.40219.1
Project("{FAE04EC0-301F-11D3-BF4B-00C04F79EFBC}") = "Udemy_ExFixacao", "Udemy_ExFixacao\Udemy_ExFixacao.csproj", "{E3EC38F3-AAA4-4EF8-A629-3410C9E013B1}"
EndProject
Global
	GlobalSection(SolutionConfigurationPlatforms) = preSolution
		Debug|Any CPU = Debug|Any CPU
		Release|Any CPU = Release|Any CPU
	EndGlobalSection
	GlobalSection(ProjectConfigurationPlatforms) = postSolution
		{E3EC38F3-AAA4-4EF8-A629-3410C9E013B1}.Debug|Any CPU.ActiveCfg = Debug|Any CPU
		{E3EC38F3-AAA4-4EF8-A629-3410C9E013B1}.Debug|Any CPU.Build.0 = Debug|Any CPU
		{E3EC38F3-AAA4-4EF8-A629-3410C9E013B1}.Release|Any CPU.ActiveCfg = Release|Any CPU
		{E3EC38F3-AAA4-4EF8-A629-3410C9E013B1}.Release|Any CPU.Build.0 = Release|Any CPU
	EndGlobalSection
	GlobalSection(SolutionProperties) = preSolution
		HideSolutionNode = FALSE
	EndGlobalSection
	GlobalSection(ExtensibilityGlobals) = postSolution
		SolutionGuid = {2CF248F2-17B8-419B-855A-31922803436B}
	EndGlobalSection
EndGlobal
