
Microsoft Visual Studio Solution File, Format Version 12.00
# Visual Studio Version 17
VisualStudioVersion = 17.14.36414.22
MinimumVisualStudioVersion = 10.0.40219.1
Project("{FAE04EC0-301F-11D3-BF4B-00C04F79EFBC}") = "00_Linq", "00_Linq\00_Linq.csproj", "{0A3D0D59-1393-42B0-B655-C2F8BC657A8A}"
EndProject
Project("{FAE04EC0-301F-11D3-BF4B-00C04F79EFBC}") = "01_LinqFundamentos1", "01_LinqFundamentos1\01_LinqFundamentos1.csproj", "{95412F8B-BAA6-4F13-902F-5572014C41CE}"
EndProject
Project("{FAE04EC0-301F-11D3-BF4B-00C04F79EFBC}") = "02_AgregacaoI", "02_AgregacaoI\02_AgregacaoI.csproj", "{A6A38350-FDA4-4133-97E1-009AD55D207C}"
EndProject
Project("{FAE04EC0-301F-11D3-BF4B-00C04F79EFBC}") = "03_Quantificacao", "03_Quantificacao\03_Quantificacao.csproj", "{E2CCBDE4-6E37-434B-BD0B-1CD3C5DE6F01}"
EndProject
Project("{FAE04EC0-301F-11D3-BF4B-00C04F79EFBC}") = "04_ElementosI", "04_ElementosI\04_ElementosI.csproj", "{B111FDF0-1AF9-41FC-91FB-F60BE201B0A4}"
EndProject
Global
	GlobalSection(SolutionConfigurationPlatforms) = preSolution
		Debug|Any CPU = Debug|Any CPU
		Release|Any CPU = Release|Any CPU
	EndGlobalSection
	GlobalSection(ProjectConfigurationPlatforms) = postSolution
		{0A3D0D59-1393-42B0-B655-C2F8BC657A8A}.Debug|Any CPU.ActiveCfg = Debug|Any CPU
		{0A3D0D59-1393-42B0-B655-C2F8BC657A8A}.Debug|Any CPU.Build.0 = Debug|Any CPU
		{0A3D0D59-1393-42B0-B655-C2F8BC657A8A}.Release|Any CPU.ActiveCfg = Release|Any CPU
		{0A3D0D59-1393-42B0-B655-C2F8BC657A8A}.Release|Any CPU.Build.0 = Release|Any CPU
		{95412F8B-BAA6-4F13-902F-5572014C41CE}.Debug|Any CPU.ActiveCfg = Debug|Any CPU
		{95412F8B-BAA6-4F13-902F-5572014C41CE}.Debug|Any CPU.Build.0 = Debug|Any CPU
		{95412F8B-BAA6-4F13-902F-5572014C41CE}.Release|Any CPU.ActiveCfg = Release|Any CPU
		{95412F8B-BAA6-4F13-902F-5572014C41CE}.Release|Any CPU.Build.0 = Release|Any CPU
		{A6A38350-FDA4-4133-97E1-009AD55D207C}.Debug|Any CPU.ActiveCfg = Debug|Any CPU
		{A6A38350-FDA4-4133-97E1-009AD55D207C}.Debug|Any CPU.Build.0 = Debug|Any CPU
		{A6A38350-FDA4-4133-97E1-009AD55D207C}.Release|Any CPU.ActiveCfg = Release|Any CPU
		{A6A38350-FDA4-4133-97E1-009AD55D207C}.Release|Any CPU.Build.0 = Release|Any CPU
		{E2CCBDE4-6E37-434B-BD0B-1CD3C5DE6F01}.Debug|Any CPU.ActiveCfg = Debug|Any CPU
		{E2CCBDE4-6E37-434B-BD0B-1CD3C5DE6F01}.Debug|Any CPU.Build.0 = Debug|Any CPU
		{E2CCBDE4-6E37-434B-BD0B-1CD3C5DE6F01}.Release|Any CPU.ActiveCfg = Release|Any CPU
		{E2CCBDE4-6E37-434B-BD0B-1CD3C5DE6F01}.Release|Any CPU.Build.0 = Release|Any CPU
		{B111FDF0-1AF9-41FC-91FB-F60BE201B0A4}.Debug|Any CPU.ActiveCfg = Debug|Any CPU
		{B111FDF0-1AF9-41FC-91FB-F60BE201B0A4}.Debug|Any CPU.Build.0 = Debug|Any CPU
		{B111FDF0-1AF9-41FC-91FB-F60BE201B0A4}.Release|Any CPU.ActiveCfg = Release|Any CPU
		{B111FDF0-1AF9-41FC-91FB-F60BE201B0A4}.Release|Any CPU.Build.0 = Release|Any CPU
	EndGlobalSection
	GlobalSection(SolutionProperties) = preSolution
		HideSolutionNode = FALSE
	EndGlobalSection
	GlobalSection(ExtensibilityGlobals) = postSolution
		SolutionGuid = {FBF3E7B5-FB4B-4F37-90B9-D1A962A321E7}
	EndGlobalSection
EndGlobal
