
Microsoft Visual Studio Solution File, Format Version 12.00
# Visual Studio Version 17
VisualStudioVersion = 17.10.35013.160
MinimumVisualStudioVersion = 10.0.40219.1
Project("{FAE04EC0-301F-11D3-BF4B-00C04F79EFBC}") = "Equals_Udemy", "Equals_Udemy.csproj", "{51CDF8B4-0888-42F8-A476-08E58827CE52}"
EndProject
Global
	GlobalSection(SolutionConfigurationPlatforms) = preSolution
		Debug|Any CPU = Debug|Any CPU
		Release|Any CPU = Release|Any CPU
	EndGlobalSection
	GlobalSection(ProjectConfigurationPlatforms) = postSolution
		{51CDF8B4-0888-42F8-A476-08E58827CE52}.Debug|Any CPU.ActiveCfg = Debug|Any CPU
		{51CDF8B4-0888-42F8-A476-08E58827CE52}.Debug|Any CPU.Build.0 = Debug|Any CPU
		{51CDF8B4-0888-42F8-A476-08E58827CE52}.Release|Any CPU.ActiveCfg = Release|Any CPU
		{51CDF8B4-0888-42F8-A476-08E58827CE52}.Release|Any CPU.Build.0 = Release|Any CPU
	EndGlobalSection
	GlobalSection(SolutionProperties) = preSolution
		HideSolutionNode = FALSE
	EndGlobalSection
	GlobalSection(ExtensibilityGlobals) = postSolution
		SolutionGuid = {E02E9B4A-6DFD-463D-B73C-C6CD8FE33774}
	EndGlobalSection
EndGlobal
