
Microsoft Visual Studio Solution File, Format Version 12.00
# Visual Studio Version 17
VisualStudioVersion = 17.13.35806.99
MinimumVisualStudioVersion = 10.0.40219.1
Project("{FAE04EC0-301F-11D3-BF4B-00C04F79EFBC}") = "Fundamentos", "Fundamentos\Fundamentos.csproj", "{693FCEE3-9B28-4B0A-8BF0-B1F93E00E0F0}"
EndProject
Project("{FAE04EC0-301F-11D3-BF4B-00C04F79EFBC}") = "Csharp_Switch", "Csharp_Switch\Csharp_Switch.csproj", "{1C268BA4-1E48-40CF-8E68-6C50D738BCC0}"
EndProject
Project("{FAE04EC0-301F-11D3-BF4B-00C04F79EFBC}") = "While_Csharp", "While_Csharp\While_Csharp.csproj", "{D5AB7C3F-4F49-4BDC-AD04-042FF998A0F7}"
EndProject
Project("{FAE04EC0-301F-11D3-BF4B-00C04F79EFBC}") = "Exercicios_Csharp_01", "Exercicios_Csharp\Exercicios_Csharp_01.csproj", "{05E64EAA-227B-4CEB-B9DE-2D5CE80FB3C6}"
EndProject
Project("{FAE04EC0-301F-11D3-BF4B-00C04F79EFBC}") = "Exercicios_Csharp_02", "Exercicios_Csharp_02\Exercicios_Csharp_02.csproj", "{8F0A1F44-1234-4A92-A0C4-CE06060C2F7A}"
EndProject
Global
	GlobalSection(SolutionConfigurationPlatforms) = preSolution
		Debug|Any CPU = Debug|Any CPU
		Release|Any CPU = Release|Any CPU
	EndGlobalSection
	GlobalSection(ProjectConfigurationPlatforms) = postSolution
		{693FCEE3-9B28-4B0A-8BF0-B1F93E00E0F0}.Debug|Any CPU.ActiveCfg = Debug|Any CPU
		{693FCEE3-9B28-4B0A-8BF0-B1F93E00E0F0}.Debug|Any CPU.Build.0 = Debug|Any CPU
		{693FCEE3-9B28-4B0A-8BF0-B1F93E00E0F0}.Release|Any CPU.ActiveCfg = Release|Any CPU
		{693FCEE3-9B28-4B0A-8BF0-B1F93E00E0F0}.Release|Any CPU.Build.0 = Release|Any CPU
		{1C268BA4-1E48-40CF-8E68-6C50D738BCC0}.Debug|Any CPU.ActiveCfg = Debug|Any CPU
		{1C268BA4-1E48-40CF-8E68-6C50D738BCC0}.Debug|Any CPU.Build.0 = Debug|Any CPU
		{1C268BA4-1E48-40CF-8E68-6C50D738BCC0}.Release|Any CPU.ActiveCfg = Release|Any CPU
		{1C268BA4-1E48-40CF-8E68-6C50D738BCC0}.Release|Any CPU.Build.0 = Release|Any CPU
		{D5AB7C3F-4F49-4BDC-AD04-042FF998A0F7}.Debug|Any CPU.ActiveCfg = Debug|Any CPU
		{D5AB7C3F-4F49-4BDC-AD04-042FF998A0F7}.Debug|Any CPU.Build.0 = Debug|Any CPU
		{D5AB7C3F-4F49-4BDC-AD04-042FF998A0F7}.Release|Any CPU.ActiveCfg = Release|Any CPU
		{D5AB7C3F-4F49-4BDC-AD04-042FF998A0F7}.Release|Any CPU.Build.0 = Release|Any CPU
		{05E64EAA-227B-4CEB-B9DE-2D5CE80FB3C6}.Debug|Any CPU.ActiveCfg = Debug|Any CPU
		{05E64EAA-227B-4CEB-B9DE-2D5CE80FB3C6}.Debug|Any CPU.Build.0 = Debug|Any CPU
		{05E64EAA-227B-4CEB-B9DE-2D5CE80FB3C6}.Release|Any CPU.ActiveCfg = Release|Any CPU
		{05E64EAA-227B-4CEB-B9DE-2D5CE80FB3C6}.Release|Any CPU.Build.0 = Release|Any CPU
		{8F0A1F44-1234-4A92-A0C4-CE06060C2F7A}.Debug|Any CPU.ActiveCfg = Debug|Any CPU
		{8F0A1F44-1234-4A92-A0C4-CE06060C2F7A}.Debug|Any CPU.Build.0 = Debug|Any CPU
		{8F0A1F44-1234-4A92-A0C4-CE06060C2F7A}.Release|Any CPU.ActiveCfg = Release|Any CPU
		{8F0A1F44-1234-4A92-A0C4-CE06060C2F7A}.Release|Any CPU.Build.0 = Release|Any CPU
	EndGlobalSection
	GlobalSection(SolutionProperties) = preSolution
		HideSolutionNode = FALSE
	EndGlobalSection
	GlobalSection(ExtensibilityGlobals) = postSolution
		SolutionGuid = {215AD639-E2AC-49A2-87CB-BBF80182B3E1}
	EndGlobalSection
EndGlobal
