
Microsoft Visual Studio Solution File, Format Version 12.00
# Visual Studio Version 17
VisualStudioVersion = 17.9.34714.143
MinimumVisualStudioVersion = 10.0.40219.1
Project("{FAE04EC0-301F-11D3-BF4B-00C04F79EFBC}") = "Udemy_ex_2", "Udemy_ex_2\Udemy_ex_2.csproj", "{A2B43D66-83EB-45FB-9106-D7C47EF477A6}"
EndProject
Global
	GlobalSection(SolutionConfigurationPlatforms) = preSolution
		Debug|Any CPU = Debug|Any CPU
		Release|Any CPU = Release|Any CPU
	EndGlobalSection
	GlobalSection(ProjectConfigurationPlatforms) = postSolution
		{A2B43D66-83EB-45FB-9106-D7C47EF477A6}.Debug|Any CPU.ActiveCfg = Debug|Any CPU
		{A2B43D66-83EB-45FB-9106-D7C47EF477A6}.Debug|Any CPU.Build.0 = Debug|Any CPU
		{A2B43D66-83EB-45FB-9106-D7C47EF477A6}.Release|Any CPU.ActiveCfg = Release|Any CPU
		{A2B43D66-83EB-45FB-9106-D7C47EF477A6}.Release|Any CPU.Build.0 = Release|Any CPU
	EndGlobalSection
	GlobalSection(SolutionProperties) = preSolution
		HideSolutionNode = FALSE
	EndGlobalSection
	GlobalSection(ExtensibilityGlobals) = postSolution
		SolutionGuid = {D2191AE5-91DF-4E93-8C54-C8423ADDD7FD}
	EndGlobalSection
EndGlobal
