
Microsoft Visual Studio Solution File, Format Version 12.00
# Visual Studio Version 17
VisualStudioVersion = 17.10.35013.160
MinimumVisualStudioVersion = 10.0.40219.1
Project("{FAE04EC0-301F-11D3-BF4B-00C04F79EFBC}") = "HashSet_Udemy", "HashSet_Udemy.csproj", "{8AEB34F7-A93A-4DBD-BD00-2F4E7CBB7927}"
EndProject
Global
	GlobalSection(SolutionConfigurationPlatforms) = preSolution
		Debug|Any CPU = Debug|Any CPU
		Release|Any CPU = Release|Any CPU
	EndGlobalSection
	GlobalSection(ProjectConfigurationPlatforms) = postSolution
		{8AEB34F7-A93A-4DBD-BD00-2F4E7CBB7927}.Debug|Any CPU.ActiveCfg = Debug|Any CPU
		{8AEB34F7-A93A-4DBD-BD00-2F4E7CBB7927}.Debug|Any CPU.Build.0 = Debug|Any CPU
		{8AEB34F7-A93A-4DBD-BD00-2F4E7CBB7927}.Release|Any CPU.ActiveCfg = Release|Any CPU
		{8AEB34F7-A93A-4DBD-BD00-2F4E7CBB7927}.Release|Any CPU.Build.0 = Release|Any CPU
	EndGlobalSection
	GlobalSection(SolutionProperties) = preSolution
		HideSolutionNode = FALSE
	EndGlobalSection
	GlobalSection(ExtensibilityGlobals) = postSolution
		SolutionGuid = {1E522BC4-F831-46B0-88C4-755417B8631A}
	EndGlobalSection
EndGlobal
