
Microsoft Visual Studio Solution File, Format Version 12.00
# Visual Studio Version 17
VisualStudioVersion = 17.13.35806.99 d17.13
MinimumVisualStudioVersion = 10.0.40219.1
Project("{FAE04EC0-301F-11D3-BF4B-00C04F79EFBC}") = "ClassesMetodos", "ClassesMetodos\ClassesMetodos.csproj", "{DEC27507-A6AB-4B7A-BD5F-3A4B9D5C8439}"
EndProject
Global
	GlobalSection(SolutionConfigurationPlatforms) = preSolution
		Debug|Any CPU = Debug|Any CPU
		Release|Any CPU = Release|Any CPU
	EndGlobalSection
	GlobalSection(ProjectConfigurationPlatforms) = postSolution
		{DEC27507-A6AB-4B7A-BD5F-3A4B9D5C8439}.Debug|Any CPU.ActiveCfg = Debug|Any CPU
		{DEC27507-A6AB-4B7A-BD5F-3A4B9D5C8439}.Debug|Any CPU.Build.0 = Debug|Any CPU
		{DEC27507-A6AB-4B7A-BD5F-3A4B9D5C8439}.Release|Any CPU.ActiveCfg = Release|Any CPU
		{DEC27507-A6AB-4B7A-BD5F-3A4B9D5C8439}.Release|Any CPU.Build.0 = Release|Any CPU
	EndGlobalSection
	GlobalSection(SolutionProperties) = preSolution
		HideSolutionNode = FALSE
	EndGlobalSection
	GlobalSection(ExtensibilityGlobals) = postSolution
		SolutionGuid = {1BC8A688-65B0-41FF-9EAD-61FA5749374D}
	EndGlobalSection
EndGlobal
