
Microsoft Visual Studio Solution File, Format Version 12.00
# Visual Studio Version 17
VisualStudioVersion = 17.10.35013.160
MinimumVisualStudioVersion = 10.0.40219.1
Project("{FAE04EC0-301F-11D3-BF4B-00C04F79EFBC}") = "RestricoesUdemy", "RestricoesUdemy.csproj", "{4095E64A-335D-4DD4-BC6A-EECDB27FEDD5}"
EndProject
Global
	GlobalSection(SolutionConfigurationPlatforms) = preSolution
		Debug|Any CPU = Debug|Any CPU
		Release|Any CPU = Release|Any CPU
	EndGlobalSection
	GlobalSection(ProjectConfigurationPlatforms) = postSolution
		{4095E64A-335D-4DD4-BC6A-EECDB27FEDD5}.Debug|Any CPU.ActiveCfg = Debug|Any CPU
		{4095E64A-335D-4DD4-BC6A-EECDB27FEDD5}.Debug|Any CPU.Build.0 = Debug|Any CPU
		{4095E64A-335D-4DD4-BC6A-EECDB27FEDD5}.Release|Any CPU.ActiveCfg = Release|Any CPU
		{4095E64A-335D-4DD4-BC6A-EECDB27FEDD5}.Release|Any CPU.Build.0 = Release|Any CPU
	EndGlobalSection
	GlobalSection(SolutionProperties) = preSolution
		HideSolutionNode = FALSE
	EndGlobalSection
	GlobalSection(ExtensibilityGlobals) = postSolution
		SolutionGuid = {E1B0FD81-9B45-4280-A9B2-F1034E2F1CC6}
	EndGlobalSection
EndGlobal
