
Microsoft Visual Studio Solution File, Format Version 12.00
# Visual Studio Version 17
VisualStudioVersion = 17.10.35013.160
MinimumVisualStudioVersion = 10.0.40219.1
Project("{FAE04EC0-301F-11D3-BF4B-00C04F79EFBC}") = "Stream_Arquivo", "Stream_Arquivo.csproj", "{0C51B468-4AA8-4D3F-BA8B-9662DEA12F7F}"
EndProject
Global
	GlobalSection(SolutionConfigurationPlatforms) = preSolution
		Debug|Any CPU = Debug|Any CPU
		Release|Any CPU = Release|Any CPU
	EndGlobalSection
	GlobalSection(ProjectConfigurationPlatforms) = postSolution
		{0C51B468-4AA8-4D3F-BA8B-9662DEA12F7F}.Debug|Any CPU.ActiveCfg = Debug|Any CPU
		{0C51B468-4AA8-4D3F-BA8B-9662DEA12F7F}.Debug|Any CPU.Build.0 = Debug|Any CPU
		{0C51B468-4AA8-4D3F-BA8B-9662DEA12F7F}.Release|Any CPU.ActiveCfg = Release|Any CPU
		{0C51B468-4AA8-4D3F-BA8B-9662DEA12F7F}.Release|Any CPU.Build.0 = Release|Any CPU
	EndGlobalSection
	GlobalSection(SolutionProperties) = preSolution
		HideSolutionNode = FALSE
	EndGlobalSection
	GlobalSection(ExtensibilityGlobals) = postSolution
		SolutionGuid = {7252FCF7-8196-45E2-BE0B-B90D0D5A3608}
	EndGlobalSection
EndGlobal
