
Microsoft Visual Studio Solution File, Format Version 12.00
# Visual Studio Version 17
VisualStudioVersion = 17.11.35312.102
MinimumVisualStudioVersion = 10.0.40219.1
Project("{9A19103F-16F7-4668-BE54-9A1E7A4F7556}") = "ZeroAoAvancado", "ZeroAoAvancado\ZeroAoAvancado.csproj", "{74749FD5-D1AD-4DE6-98AE-90DBA3378ED9}"
EndProject
Project("{FAE04EC0-301F-11D3-BF4B-00C04F79EFBC}") = "FormsAppFrame", "FormsAppFrame\FormsAppFrame.csproj", "{C092D17E-D346-4F08-86D4-BE88DCC31A43}"
EndProject
Project("{9A19103F-16F7-4668-BE54-9A1E7A4F7556}") = "ConsoleAppDotNet", "ConsoleAppDotNet\ConsoleAppDotNet.csproj", "{01F62400-3096-4805-9CFC-E1A027717ABA}"
EndProject
Project("{FAE04EC0-301F-11D3-BF4B-00C04F79EFBC}") = "ConsoleAppTopLevel", "ConsoleAppTopLevel\ConsoleAppTopLevel.csproj", "{EF9E437F-5658-4915-8B47-5364EA289A9D}"
EndProject
Global
	GlobalSection(SolutionConfigurationPlatforms) = preSolution
		Debug|Any CPU = Debug|Any CPU
		Release|Any CPU = Release|Any CPU
	EndGlobalSection
	GlobalSection(ProjectConfigurationPlatforms) = postSolution
		{74749FD5-D1AD-4DE6-98AE-90DBA3378ED9}.Debug|Any CPU.ActiveCfg = Debug|Any CPU
		{74749FD5-D1AD-4DE6-98AE-90DBA3378ED9}.Debug|Any CPU.Build.0 = Debug|Any CPU
		{74749FD5-D1AD-4DE6-98AE-90DBA3378ED9}.Release|Any CPU.ActiveCfg = Release|Any CPU
		{74749FD5-D1AD-4DE6-98AE-90DBA3378ED9}.Release|Any CPU.Build.0 = Release|Any CPU
		{C092D17E-D346-4F08-86D4-BE88DCC31A43}.Debug|Any CPU.ActiveCfg = Debug|Any CPU
		{C092D17E-D346-4F08-86D4-BE88DCC31A43}.Debug|Any CPU.Build.0 = Debug|Any CPU
		{C092D17E-D346-4F08-86D4-BE88DCC31A43}.Release|Any CPU.ActiveCfg = Release|Any CPU
		{C092D17E-D346-4F08-86D4-BE88DCC31A43}.Release|Any CPU.Build.0 = Release|Any CPU
		{01F62400-3096-4805-9CFC-E1A027717ABA}.Debug|Any CPU.ActiveCfg = Debug|Any CPU
		{01F62400-3096-4805-9CFC-E1A027717ABA}.Debug|Any CPU.Build.0 = Debug|Any CPU
		{01F62400-3096-4805-9CFC-E1A027717ABA}.Release|Any CPU.ActiveCfg = Release|Any CPU
		{01F62400-3096-4805-9CFC-E1A027717ABA}.Release|Any CPU.Build.0 = Release|Any CPU
		{EF9E437F-5658-4915-8B47-5364EA289A9D}.Debug|Any CPU.ActiveCfg = Debug|Any CPU
		{EF9E437F-5658-4915-8B47-5364EA289A9D}.Debug|Any CPU.Build.0 = Debug|Any CPU
		{EF9E437F-5658-4915-8B47-5364EA289A9D}.Release|Any CPU.ActiveCfg = Release|Any CPU
		{EF9E437F-5658-4915-8B47-5364EA289A9D}.Release|Any CPU.Build.0 = Release|Any CPU
	EndGlobalSection
	GlobalSection(SolutionProperties) = preSolution
		HideSolutionNode = FALSE
	EndGlobalSection
	GlobalSection(ExtensibilityGlobals) = postSolution
		SolutionGuid = {578ACD95-C2E2-4F6A-9CCF-0D7A290B3A29}
	EndGlobalSection
EndGlobal
