
Microsoft Visual Studio Solution File, Format Version 12.00
# Visual Studio Version 17
VisualStudioVersion = 17.10.35013.160
MinimumVisualStudioVersion = 10.0.40219.1
Project("{FAE04EC0-301F-11D3-BF4B-00C04F79EFBC}") = "Linq_Udemy", "Linq_Udemy.csproj", "{1AED56EB-79B0-47F8-BBE4-0DF45BC34550}"
EndProject
Global
	GlobalSection(SolutionConfigurationPlatforms) = preSolution
		Debug|Any CPU = Debug|Any CPU
		Release|Any CPU = Release|Any CPU
	EndGlobalSection
	GlobalSection(ProjectConfigurationPlatforms) = postSolution
		{1AED56EB-79B0-47F8-BBE4-0DF45BC34550}.Debug|Any CPU.ActiveCfg = Debug|Any CPU
		{1AED56EB-79B0-47F8-BBE4-0DF45BC34550}.Debug|Any CPU.Build.0 = Debug|Any CPU
		{1AED56EB-79B0-47F8-BBE4-0DF45BC34550}.Release|Any CPU.ActiveCfg = Release|Any CPU
		{1AED56EB-79B0-47F8-BBE4-0DF45BC34550}.Release|Any CPU.Build.0 = Release|Any CPU
	EndGlobalSection
	GlobalSection(SolutionProperties) = preSolution
		HideSolutionNode = FALSE
	EndGlobalSection
	GlobalSection(ExtensibilityGlobals) = postSolution
		SolutionGuid = {7DC85301-D3F3-47A7-85A6-CFF05356EED0}
	EndGlobalSection
EndGlobal
