
Microsoft Visual Studio Solution File, Format Version 12.00
# Visual Studio Version 17
VisualStudioVersion = 17.9.34714.143
MinimumVisualStudioVersion = 10.0.40219.1
Project("{FAE04EC0-301F-11D3-BF4B-00C04F79EFBC}") = "Udemy_Heranca", "Udemy_Heranca\Udemy_Heranca.csproj", "{CEE64923-C553-40F1-933A-25F9D9EFE005}"
EndProject
Global
	GlobalSection(SolutionConfigurationPlatforms) = preSolution
		Debug|Any CPU = Debug|Any CPU
		Release|Any CPU = Release|Any CPU
	EndGlobalSection
	GlobalSection(ProjectConfigurationPlatforms) = postSolution
		{CEE64923-C553-40F1-933A-25F9D9EFE005}.Debug|Any CPU.ActiveCfg = Debug|Any CPU
		{CEE64923-C553-40F1-933A-25F9D9EFE005}.Debug|Any CPU.Build.0 = Debug|Any CPU
		{CEE64923-C553-40F1-933A-25F9D9EFE005}.Release|Any CPU.ActiveCfg = Release|Any CPU
		{CEE64923-C553-40F1-933A-25F9D9EFE005}.Release|Any CPU.Build.0 = Release|Any CPU
	EndGlobalSection
	GlobalSection(SolutionProperties) = preSolution
		HideSolutionNode = FALSE
	EndGlobalSection
	GlobalSection(ExtensibilityGlobals) = postSolution
		SolutionGuid = {E8160D05-81D1-44C8-9E1C-2948E33C4C2B}
	EndGlobalSection
EndGlobal
