
Microsoft Visual Studio Solution File, Format Version 12.00
# Visual Studio Version 17
VisualStudioVersion = 17.11.35312.102
MinimumVisualStudioVersion = 10.0.40219.1
Project("{FAE04EC0-301F-11D3-BF4B-00C04F79EFBC}") = "SistemaCadastro", "SistemaCadastro\SistemaCadastro.csproj", "{CCAF79DB-EA16-4F36-802D-3ED7A9C6983E}"
EndProject
Global
	GlobalSection(SolutionConfigurationPlatforms) = preSolution
		Debug|Any CPU = Debug|Any CPU
		Release|Any CPU = Release|Any CPU
	EndGlobalSection
	GlobalSection(ProjectConfigurationPlatforms) = postSolution
		{CCAF79DB-EA16-4F36-802D-3ED7A9C6983E}.Debug|Any CPU.ActiveCfg = Debug|Any CPU
		{CCAF79DB-EA16-4F36-802D-3ED7A9C6983E}.Debug|Any CPU.Build.0 = Debug|Any CPU
		{CCAF79DB-EA16-4F36-802D-3ED7A9C6983E}.Release|Any CPU.ActiveCfg = Release|Any CPU
		{CCAF79DB-EA16-4F36-802D-3ED7A9C6983E}.Release|Any CPU.Build.0 = Release|Any CPU
	EndGlobalSection
	GlobalSection(SolutionProperties) = preSolution
		HideSolutionNode = FALSE
	EndGlobalSection
	GlobalSection(ExtensibilityGlobals) = postSolution
		SolutionGuid = {1E7CE7BA-A825-4583-B6EE-659C2D022A44}
	EndGlobalSection
EndGlobal
