
Microsoft Visual Studio Solution File, Format Version 12.00
# Visual Studio Version 17
VisualStudioVersion = 17.10.35013.160
MinimumVisualStudioVersion = 10.0.40219.1
Project("{FAE04EC0-301F-11D3-BF4B-00C04F79EFBC}") = "RemoveAll_Udemy", "RemoveAll_Udemy.csproj", "{3972F307-F510-4C66-84C3-0687154BBDAB}"
EndProject
Global
	GlobalSection(SolutionConfigurationPlatforms) = preSolution
		Debug|Any CPU = Debug|Any CPU
		Release|Any CPU = Release|Any CPU
	EndGlobalSection
	GlobalSection(ProjectConfigurationPlatforms) = postSolution
		{3972F307-F510-4C66-84C3-0687154BBDAB}.Debug|Any CPU.ActiveCfg = Debug|Any CPU
		{3972F307-F510-4C66-84C3-0687154BBDAB}.Debug|Any CPU.Build.0 = Debug|Any CPU
		{3972F307-F510-4C66-84C3-0687154BBDAB}.Release|Any CPU.ActiveCfg = Release|Any CPU
		{3972F307-F510-4C66-84C3-0687154BBDAB}.Release|Any CPU.Build.0 = Release|Any CPU
	EndGlobalSection
	GlobalSection(SolutionProperties) = preSolution
		HideSolutionNode = FALSE
	EndGlobalSection
	GlobalSection(ExtensibilityGlobals) = postSolution
		SolutionGuid = {5419662B-5731-467D-A2ED-C3170F404A76}
	EndGlobalSection
EndGlobal
