
Microsoft Visual Studio Solution File, Format Version 12.00
# Visual Studio Version 17
VisualStudioVersion = 17.13.35806.99
MinimumVisualStudioVersion = 10.0.40219.1
Project("{FAE04EC0-301F-11D3-BF4B-00C04F79EFBC}") = "MetodosParametros", "MetodosParametros\MetodosParametros.csproj", "{DC3BA6D4-7EBF-4508-83C3-D21529DF457E}"
EndProject
Project("{FAE04EC0-301F-11D3-BF4B-00C04F79EFBC}") = "Construtor", "Construtor\Construtor.csproj", "{5B20F4AB-E799-4882-A976-17C3335B503A}"
EndProject
Project("{FAE04EC0-301F-11D3-BF4B-00C04F79EFBC}") = "MetodoThis", "MetodoThis\MetodoThis.csproj", "{EF5CC9A0-D8CC-4360-8BCE-5CDCB4EE354D}"
EndProject
Project("{FAE04EC0-301F-11D3-BF4B-00C04F79EFBC}") = "ExClassesMetodos", "ExClassesMetodos\ExClassesMetodos.csproj", "{5CDD0A1C-ACE4-40E1-9E63-36AD66675EA4}"
EndProject
Project("{FAE04EC0-301F-11D3-BF4B-00C04F79EFBC}") = "MetodoComRetorno", "MetodoComRetorno\MetodoComRetorno.csproj", "{0C7A3A4F-7E22-4EB9-BDEC-BFEA4FD984BD}"
EndProject
Project("{FAE04EC0-301F-11D3-BF4B-00C04F79EFBC}") = "MetodoComRetorno2", "MetodoComRetorno2\MetodoComRetorno2.csproj", "{C47F48A3-3A9D-4300-979E-F8792749E17B}"
EndProject
Project("{FAE04EC0-301F-11D3-BF4B-00C04F79EFBC}") = "PassagemArgumentoPorValor", "PassagemArgumentoPorValor\PassagemArgumentoPorValor.csproj", "{E063C81B-0947-4DE3-916A-74B08D9E2A25}"
EndProject
Global
	GlobalSection(SolutionConfigurationPlatforms) = preSolution
		Debug|Any CPU = Debug|Any CPU
		Release|Any CPU = Release|Any CPU
	EndGlobalSection
	GlobalSection(ProjectConfigurationPlatforms) = postSolution
		{DC3BA6D4-7EBF-4508-83C3-D21529DF457E}.Debug|Any CPU.ActiveCfg = Debug|Any CPU
		{DC3BA6D4-7EBF-4508-83C3-D21529DF457E}.Debug|Any CPU.Build.0 = Debug|Any CPU
		{DC3BA6D4-7EBF-4508-83C3-D21529DF457E}.Release|Any CPU.ActiveCfg = Release|Any CPU
		{DC3BA6D4-7EBF-4508-83C3-D21529DF457E}.Release|Any CPU.Build.0 = Release|Any CPU
		{5B20F4AB-E799-4882-A976-17C3335B503A}.Debug|Any CPU.ActiveCfg = Debug|Any CPU
		{5B20F4AB-E799-4882-A976-17C3335B503A}.Debug|Any CPU.Build.0 = Debug|Any CPU
		{5B20F4AB-E799-4882-A976-17C3335B503A}.Release|Any CPU.ActiveCfg = Release|Any CPU
		{5B20F4AB-E799-4882-A976-17C3335B503A}.Release|Any CPU.Build.0 = Release|Any CPU
		{EF5CC9A0-D8CC-4360-8BCE-5CDCB4EE354D}.Debug|Any CPU.ActiveCfg = Debug|Any CPU
		{EF5CC9A0-D8CC-4360-8BCE-5CDCB4EE354D}.Debug|Any CPU.Build.0 = Debug|Any CPU
		{EF5CC9A0-D8CC-4360-8BCE-5CDCB4EE354D}.Release|Any CPU.ActiveCfg = Release|Any CPU
		{EF5CC9A0-D8CC-4360-8BCE-5CDCB4EE354D}.Release|Any CPU.Build.0 = Release|Any CPU
		{5CDD0A1C-ACE4-40E1-9E63-36AD66675EA4}.Debug|Any CPU.ActiveCfg = Debug|Any CPU
		{5CDD0A1C-ACE4-40E1-9E63-36AD66675EA4}.Debug|Any CPU.Build.0 = Debug|Any CPU
		{5CDD0A1C-ACE4-40E1-9E63-36AD66675EA4}.Release|Any CPU.ActiveCfg = Release|Any CPU
		{5CDD0A1C-ACE4-40E1-9E63-36AD66675EA4}.Release|Any CPU.Build.0 = Release|Any CPU
		{0C7A3A4F-7E22-4EB9-BDEC-BFEA4FD984BD}.Debug|Any CPU.ActiveCfg = Debug|Any CPU
		{0C7A3A4F-7E22-4EB9-BDEC-BFEA4FD984BD}.Debug|Any CPU.Build.0 = Debug|Any CPU
		{0C7A3A4F-7E22-4EB9-BDEC-BFEA4FD984BD}.Release|Any CPU.ActiveCfg = Release|Any CPU
		{0C7A3A4F-7E22-4EB9-BDEC-BFEA4FD984BD}.Release|Any CPU.Build.0 = Release|Any CPU
		{C47F48A3-3A9D-4300-979E-F8792749E17B}.Debug|Any CPU.ActiveCfg = Debug|Any CPU
		{C47F48A3-3A9D-4300-979E-F8792749E17B}.Debug|Any CPU.Build.0 = Debug|Any CPU
		{C47F48A3-3A9D-4300-979E-F8792749E17B}.Release|Any CPU.ActiveCfg = Release|Any CPU
		{C47F48A3-3A9D-4300-979E-F8792749E17B}.Release|Any CPU.Build.0 = Release|Any CPU
		{E063C81B-0947-4DE3-916A-74B08D9E2A25}.Debug|Any CPU.ActiveCfg = Debug|Any CPU
		{E063C81B-0947-4DE3-916A-74B08D9E2A25}.Debug|Any CPU.Build.0 = Debug|Any CPU
		{E063C81B-0947-4DE3-916A-74B08D9E2A25}.Release|Any CPU.ActiveCfg = Release|Any CPU
		{E063C81B-0947-4DE3-916A-74B08D9E2A25}.Release|Any CPU.Build.0 = Release|Any CPU
	EndGlobalSection
	GlobalSection(SolutionProperties) = preSolution
		HideSolutionNode = FALSE
	EndGlobalSection
	GlobalSection(ExtensibilityGlobals) = postSolution
		SolutionGuid = {72958FD1-A957-4507-A36E-75C198D9E13A}
	EndGlobalSection
EndGlobal
