
Microsoft Visual Studio Solution File, Format Version 12.00
# Visual Studio Version 17
VisualStudioVersion = 17.13.35806.99
MinimumVisualStudioVersion = 10.0.40219.1
Project("{FAE04EC0-301F-11D3-BF4B-00C04F79EFBC}") = "MetodosParametros", "MetodosParametros\MetodosParametros.csproj", "{DC3BA6D4-7EBF-4508-83C3-D21529DF457E}"
EndProject
Project("{FAE04EC0-301F-11D3-BF4B-00C04F79EFBC}") = "Construtor", "Construtor\Construtor.csproj", "{5B20F4AB-E799-4882-A976-17C3335B503A}"
EndProject
Project("{FAE04EC0-301F-11D3-BF4B-00C04F79EFBC}") = "MetodoThis", "MetodoThis\MetodoThis.csproj", "{EF5CC9A0-D8CC-4360-8BCE-5CDCB4EE354D}"
EndProject
Project("{FAE04EC0-301F-11D3-BF4B-00C04F79EFBC}") = "ExClassesMetodos", "ExClassesMetodos\ExClassesMetodos.csproj", "{5CDD0A1C-ACE4-40E1-9E63-36AD66675EA4}"
EndProject
Project("{FAE04EC0-301F-11D3-BF4B-00C04F79EFBC}") = "MetodoComRetorno", "MetodoComRetorno\MetodoComRetorno.csproj", "{0C7A3A4F-7E22-4EB9-BDEC-BFEA4FD984BD}"
EndProject
Project("{FAE04EC0-301F-11D3-BF4B-00C04F79EFBC}") = "MetodoComRetorno2", "MetodoComRetorno2\MetodoComRetorno2.csproj", "{C47F48A3-3A9D-4300-979E-F8792749E17B}"
EndProject
Project("{FAE04EC0-301F-11D3-BF4B-00C04F79EFBC}") = "PassagemArgumentoPorValor", "PassagemArgumentoPorValor\PassagemArgumentoPorValor.csproj", "{E063C81B-0947-4DE3-916A-74B08D9E2A25}"
EndProject
Project("{FAE04EC0-301F-11D3-BF4B-00C04F79EFBC}") = "ArgumentoPorReferenciaOut", "ArgumentoPorReferenciaOut\ArgumentoPorReferenciaOut.csproj", "{E9790861-99FC-4728-8B70-A0941F6C95C2}"
EndProject
Project("{FAE04EC0-301F-11D3-BF4B-00C04F79EFBC}") = "ExReferenciaOut", "ExReferenciaOut\ExReferenciaOut.csproj", "{45891398-38CA-4C29-AD63-0682DDFD53EB}"
EndProject
Project("{FAE04EC0-301F-11D3-BF4B-00C04F79EFBC}") = "ArgumentosNomeados", "ArgumentosNomeados\ArgumentosNomeados.csproj", "{23BDC82B-D632-4ECB-AF74-1C6E0DD468E1}"
EndProject
Project("{FAE04EC0-301F-11D3-BF4B-00C04F79EFBC}") = "ExArgumentosNomeados", "ExArgumentosNomeados\ExArgumentosNomeados.csproj", "{7B07730D-C51D-410C-BAFE-536D1667BCC3}"
EndProject
Project("{FAE04EC0-301F-11D3-BF4B-00C04F79EFBC}") = "MetodosEstaticos", "MetodosEstaticos\MetodosEstaticos.csproj", "{C180B779-1DDB-4F04-9914-1C634E15ADBC}"
EndProject
Project("{FAE04EC0-301F-11D3-BF4B-00C04F79EFBC}") = "CamposEstaticos", "CamposEstaticos\CamposEstaticos.csproj", "{1F513555-6221-4BD5-87DE-E6A1701B35DD}"
EndProject
Project("{FAE04EC0-301F-11D3-BF4B-00C04F79EFBC}") = "EXCamposEstaticosResolvido", "EXCamposEstaticosResolvido\EXCamposEstaticosResolvido.csproj", "{E9F9676E-466E-4CB4-9A4D-76A7894F9345}"
EndProject
Project("{FAE04EC0-301F-11D3-BF4B-00C04F79EFBC}") = "ExCaposEstatidos", "ExCaposEstatidos\ExCaposEstatidos.csproj", "{C0534F66-ED25-4B3B-8745-2FE3D301ED18}"
EndProject
Project("{FAE04EC0-301F-11D3-BF4B-00C04F79EFBC}") = "ConstrutorEstatico", "ConstrutorEstatico\ConstrutorEstatico.csproj", "{4B9DCC95-84FB-4790-A36D-D44313E59462}"
EndProject
Project("{FAE04EC0-301F-11D3-BF4B-00C04F79EFBC}") = "Propriedades", "Propriedades\Propriedades.csproj", "{164A2C51-F195-4862-86E0-5F8544BB689F}"
EndProject
Global
	GlobalSection(SolutionConfigurationPlatforms) = preSolution
		Debug|Any CPU = Debug|Any CPU
		Release|Any CPU = Release|Any CPU
	EndGlobalSection
	GlobalSection(ProjectConfigurationPlatforms) = postSolution
		{DC3BA6D4-7EBF-4508-83C3-D21529DF457E}.Debug|Any CPU.ActiveCfg = Debug|Any CPU
		{DC3BA6D4-7EBF-4508-83C3-D21529DF457E}.Debug|Any CPU.Build.0 = Debug|Any CPU
		{DC3BA6D4-7EBF-4508-83C3-D21529DF457E}.Release|Any CPU.ActiveCfg = Release|Any CPU
		{DC3BA6D4-7EBF-4508-83C3-D21529DF457E}.Release|Any CPU.Build.0 = Release|Any CPU
		{5B20F4AB-E799-4882-A976-17C3335B503A}.Debug|Any CPU.ActiveCfg = Debug|Any CPU
		{5B20F4AB-E799-4882-A976-17C3335B503A}.Debug|Any CPU.Build.0 = Debug|Any CPU
		{5B20F4AB-E799-4882-A976-17C3335B503A}.Release|Any CPU.ActiveCfg = Release|Any CPU
		{5B20F4AB-E799-4882-A976-17C3335B503A}.Release|Any CPU.Build.0 = Release|Any CPU
		{EF5CC9A0-D8CC-4360-8BCE-5CDCB4EE354D}.Debug|Any CPU.ActiveCfg = Debug|Any CPU
		{EF5CC9A0-D8CC-4360-8BCE-5CDCB4EE354D}.Debug|Any CPU.Build.0 = Debug|Any CPU
		{EF5CC9A0-D8CC-4360-8BCE-5CDCB4EE354D}.Release|Any CPU.ActiveCfg = Release|Any CPU
		{EF5CC9A0-D8CC-4360-8BCE-5CDCB4EE354D}.Release|Any CPU.Build.0 = Release|Any CPU
		{5CDD0A1C-ACE4-40E1-9E63-36AD66675EA4}.Debug|Any CPU.ActiveCfg = Debug|Any CPU
		{5CDD0A1C-ACE4-40E1-9E63-36AD66675EA4}.Debug|Any CPU.Build.0 = Debug|Any CPU
		{5CDD0A1C-ACE4-40E1-9E63-36AD66675EA4}.Release|Any CPU.ActiveCfg = Release|Any CPU
		{5CDD0A1C-ACE4-40E1-9E63-36AD66675EA4}.Release|Any CPU.Build.0 = Release|Any CPU
		{0C7A3A4F-7E22-4EB9-BDEC-BFEA4FD984BD}.Debug|Any CPU.ActiveCfg = Debug|Any CPU
		{0C7A3A4F-7E22-4EB9-BDEC-BFEA4FD984BD}.Debug|Any CPU.Build.0 = Debug|Any CPU
		{0C7A3A4F-7E22-4EB9-BDEC-BFEA4FD984BD}.Release|Any CPU.ActiveCfg = Release|Any CPU
		{0C7A3A4F-7E22-4EB9-BDEC-BFEA4FD984BD}.Release|Any CPU.Build.0 = Release|Any CPU
		{C47F48A3-3A9D-4300-979E-F8792749E17B}.Debug|Any CPU.ActiveCfg = Debug|Any CPU
		{C47F48A3-3A9D-4300-979E-F8792749E17B}.Debug|Any CPU.Build.0 = Debug|Any CPU
		{C47F48A3-3A9D-4300-979E-F8792749E17B}.Release|Any CPU.ActiveCfg = Release|Any CPU
		{C47F48A3-3A9D-4300-979E-F8792749E17B}.Release|Any CPU.Build.0 = Release|Any CPU
		{E063C81B-0947-4DE3-916A-74B08D9E2A25}.Debug|Any CPU.ActiveCfg = Debug|Any CPU
		{E063C81B-0947-4DE3-916A-74B08D9E2A25}.Debug|Any CPU.Build.0 = Debug|Any CPU
		{E063C81B-0947-4DE3-916A-74B08D9E2A25}.Release|Any CPU.ActiveCfg = Release|Any CPU
		{E063C81B-0947-4DE3-916A-74B08D9E2A25}.Release|Any CPU.Build.0 = Release|Any CPU
		{E9790861-99FC-4728-8B70-A0941F6C95C2}.Debug|Any CPU.ActiveCfg = Debug|Any CPU
		{E9790861-99FC-4728-8B70-A0941F6C95C2}.Debug|Any CPU.Build.0 = Debug|Any CPU
		{E9790861-99FC-4728-8B70-A0941F6C95C2}.Release|Any CPU.ActiveCfg = Release|Any CPU
		{E9790861-99FC-4728-8B70-A0941F6C95C2}.Release|Any CPU.Build.0 = Release|Any CPU
		{45891398-38CA-4C29-AD63-0682DDFD53EB}.Debug|Any CPU.ActiveCfg = Debug|Any CPU
		{45891398-38CA-4C29-AD63-0682DDFD53EB}.Debug|Any CPU.Build.0 = Debug|Any CPU
		{45891398-38CA-4C29-AD63-0682DDFD53EB}.Release|Any CPU.ActiveCfg = Release|Any CPU
		{45891398-38CA-4C29-AD63-0682DDFD53EB}.Release|Any CPU.Build.0 = Release|Any CPU
		{23BDC82B-D632-4ECB-AF74-1C6E0DD468E1}.Debug|Any CPU.ActiveCfg = Debug|Any CPU
		{23BDC82B-D632-4ECB-AF74-1C6E0DD468E1}.Debug|Any CPU.Build.0 = Debug|Any CPU
		{23BDC82B-D632-4ECB-AF74-1C6E0DD468E1}.Release|Any CPU.ActiveCfg = Release|Any CPU
		{23BDC82B-D632-4ECB-AF74-1C6E0DD468E1}.Release|Any CPU.Build.0 = Release|Any CPU
		{7B07730D-C51D-410C-BAFE-536D1667BCC3}.Debug|Any CPU.ActiveCfg = Debug|Any CPU
		{7B07730D-C51D-410C-BAFE-536D1667BCC3}.Debug|Any CPU.Build.0 = Debug|Any CPU
		{7B07730D-C51D-410C-BAFE-536D1667BCC3}.Release|Any CPU.ActiveCfg = Release|Any CPU
		{7B07730D-C51D-410C-BAFE-536D1667BCC3}.Release|Any CPU.Build.0 = Release|Any CPU
		{C180B779-1DDB-4F04-9914-1C634E15ADBC}.Debug|Any CPU.ActiveCfg = Debug|Any CPU
		{C180B779-1DDB-4F04-9914-1C634E15ADBC}.Debug|Any CPU.Build.0 = Debug|Any CPU
		{C180B779-1DDB-4F04-9914-1C634E15ADBC}.Release|Any CPU.ActiveCfg = Release|Any CPU
		{C180B779-1DDB-4F04-9914-1C634E15ADBC}.Release|Any CPU.Build.0 = Release|Any CPU
		{1F513555-6221-4BD5-87DE-E6A1701B35DD}.Debug|Any CPU.ActiveCfg = Debug|Any CPU
		{1F513555-6221-4BD5-87DE-E6A1701B35DD}.Debug|Any CPU.Build.0 = Debug|Any CPU
		{1F513555-6221-4BD5-87DE-E6A1701B35DD}.Release|Any CPU.ActiveCfg = Release|Any CPU
		{1F513555-6221-4BD5-87DE-E6A1701B35DD}.Release|Any CPU.Build.0 = Release|Any CPU
		{E9F9676E-466E-4CB4-9A4D-76A7894F9345}.Debug|Any CPU.ActiveCfg = Debug|Any CPU
		{E9F9676E-466E-4CB4-9A4D-76A7894F9345}.Debug|Any CPU.Build.0 = Debug|Any CPU
		{E9F9676E-466E-4CB4-9A4D-76A7894F9345}.Release|Any CPU.ActiveCfg = Release|Any CPU
		{E9F9676E-466E-4CB4-9A4D-76A7894F9345}.Release|Any CPU.Build.0 = Release|Any CPU
		{C0534F66-ED25-4B3B-8745-2FE3D301ED18}.Debug|Any CPU.ActiveCfg = Debug|Any CPU
		{C0534F66-ED25-4B3B-8745-2FE3D301ED18}.Debug|Any CPU.Build.0 = Debug|Any CPU
		{C0534F66-ED25-4B3B-8745-2FE3D301ED18}.Release|Any CPU.ActiveCfg = Release|Any CPU
		{C0534F66-ED25-4B3B-8745-2FE3D301ED18}.Release|Any CPU.Build.0 = Release|Any CPU
		{4B9DCC95-84FB-4790-A36D-D44313E59462}.Debug|Any CPU.ActiveCfg = Debug|Any CPU
		{4B9DCC95-84FB-4790-A36D-D44313E59462}.Debug|Any CPU.Build.0 = Debug|Any CPU
		{4B9DCC95-84FB-4790-A36D-D44313E59462}.Release|Any CPU.ActiveCfg = Release|Any CPU
		{4B9DCC95-84FB-4790-A36D-D44313E59462}.Release|Any CPU.Build.0 = Release|Any CPU
		{164A2C51-F195-4862-86E0-5F8544BB689F}.Debug|Any CPU.ActiveCfg = Debug|Any CPU
		{164A2C51-F195-4862-86E0-5F8544BB689F}.Debug|Any CPU.Build.0 = Debug|Any CPU
		{164A2C51-F195-4862-86E0-5F8544BB689F}.Release|Any CPU.ActiveCfg = Release|Any CPU
		{164A2C51-F195-4862-86E0-5F8544BB689F}.Release|Any CPU.Build.0 = Release|Any CPU
	EndGlobalSection
	GlobalSection(SolutionProperties) = preSolution
		HideSolutionNode = FALSE
	EndGlobalSection
	GlobalSection(ExtensibilityGlobals) = postSolution
		SolutionGuid = {72958FD1-A957-4507-A36E-75C198D9E13A}
	EndGlobalSection
EndGlobal
